# This file is automatically @generated by Cargo.
# It is not intended for manual editing.
version = 4

[[package]]
name = "irc-bnc"
version = "0.0.0"

[[package]]
name = "irc-cli"
version = "0.0.0"

[[package]]
name = "irc-client-core"
version = "0.0.0"

[[package]]
name = "irc-client-gui"
version = "0.0.0"

[[package]]
name = "irc-proto"
version = "0.0.0"

[[package]]
name = "irc-server"
version = "0.0.0"

[[package]]
name = "irc-testkit"
version = "0.0.0"
